
Microsoft Visual Studio Solution File, Format Version 12.00
# Visual Studio 2013
VisualStudioVersion = 12.0.30501.0
MinimumVisualStudioVersion = 10.0.40219.1
Project("{2150E333-8FDC-42A3-9474-1A3956D46DE8}") = "UniversalAppsCourse", "UniversalAppsCourse", "{11B4F70A-159E-40CE-9A44-411D033C4ABA}"
EndProject
Project("{D954291E-2A0B-460D-934E-DC6B0785DB48}") = "UniversalAppsCourse.Shared", "UniversalAppsCourse\UniversalAppsCourse.Shared\UniversalAppsCourse.Shared.shproj", "{0E490D6F-9296-4DA7-95B6-8472515D105B}"
EndProject
Project("{FAE04EC0-301F-11D3-BF4B-00C04F79EFBC}") = "UniversalAppsCourse.Windows", "UniversalAppsCourse\UniversalAppsCourse.Windows\UniversalAppsCourse.Windows.csproj", "{4FE14B2D-8FA0-43DF-8F89-880ECAA41584}"
EndProject
Project("{FAE04EC0-301F-11D3-BF4B-00C04F79EFBC}") = "UniversalAppsCourse.WindowsPhone", "UniversalAppsCourse\UniversalAppsCourse.WindowsPhone\UniversalAppsCourse.WindowsPhone.csproj", "{60ADEC75-DBD4-4C55-84AB-D5F23664AFA3}"
EndProject
Project("{2150E333-8FDC-42A3-9474-1A3956D46DE8}") = "Lesson I", "Lesson I", "{D4E182F8-2AC5-4187-AA02-4CEEAFCA650A}"
EndProject
Project("{2150E333-8FDC-42A3-9474-1A3956D46DE8}") = "Part I", "Part I", "{6CD67F95-B324-42C4-983C-BC5564956E5B}"
EndProject
Project("{FAE04EC0-301F-11D3-BF4B-00C04F79EFBC}") = "LessonI", "LessonI\LessonI.csproj", "{8FE7B874-E00C-4DCA-8850-EE441BF938E8}"
EndProject
Project("{2150E333-8FDC-42A3-9474-1A3956D46DE8}") = "Part II", "Part II", "{8451C9E2-13F9-497D-BE88-D94FF6B0C551}"
EndProject
Project("{FAE04EC0-301F-11D3-BF4B-00C04F79EFBC}") = "LessonII", "PartII\LessonII.csproj", "{7BE6FA9B-DCDD-4DEB-BC3A-A719E9A86BF3}"
EndProject
Project("{2150E333-8FDC-42A3-9474-1A3956D46DE8}") = "Part III - Exercise", "Part III - Exercise", "{2B904D8A-90CC-4F10-B4D8-66F3E2E4479A}"
EndProject
Project("{FAE04EC0-301F-11D3-BF4B-00C04F79EFBC}") = "PartIII", "PartIII\PartIII.csproj", "{9561ADEF-353A-46E2-8C92-91BB5093EF6A}"
EndProject
Project("{2150E333-8FDC-42A3-9474-1A3956D46DE8}") = "Lesson II", "Lesson II", "{97D96DD9-B711-458F-8D3F-41A431D9706A}"
EndProject
Project("{2150E333-8FDC-42A3-9474-1A3956D46DE8}") = "Part I - First class", "Part I - First class", "{87EAA0A8-94AF-42A6-B878-5E76CD3C2189}"
EndProject
Project("{FAE04EC0-301F-11D3-BF4B-00C04F79EFBC}") = "LessonIIFirstClass", "LessonIIFirstClass\LessonIIFirstClass.csproj", "{F30158BE-B022-4864-A796-881683DBED45}"
EndProject
Project("{2150E333-8FDC-42A3-9474-1A3956D46DE8}") = "Part II - Inheritance", "Part II - Inheritance", "{5AFDD982-9FBE-48B3-8339-84D37F577621}"
EndProject
Project("{FAE04EC0-301F-11D3-BF4B-00C04F79EFBC}") = "LessonIIInheritance", "LessonIIInheritance\LessonIIInheritance.csproj", "{2CD40919-B128-4AD3-BFD0-BC342929857A}"
EndProject
Project("{2150E333-8FDC-42A3-9474-1A3956D46DE8}") = "Part IV - BankSystem-PartI", "Part IV - BankSystem-PartI", "{AF2FF5C9-DE73-463E-BA14-379970984DC0}"
EndProject
Project("{FAE04EC0-301F-11D3-BF4B-00C04F79EFBC}") = "BankSystem", "BankSystem\BankSystem.csproj", "{38FF9788-0D02-4BE1-87BF-2B8E3027195C}"
EndProject
Project("{2150E333-8FDC-42A3-9474-1A3956D46DE8}") = "LessonIII", "LessonIII", "{1F12B0E6-2F17-4C85-BF38-0A75A8A5CC1A}"
EndProject
Project("{2150E333-8FDC-42A3-9474-1A3956D46DE8}") = "Part I - Collections", "Part I - Collections", "{CA0606FD-D49E-4614-BB88-FF5A7EAFFC30}"
EndProject
Project("{FAE04EC0-301F-11D3-BF4B-00C04F79EFBC}") = "CollectionsExamples", "CollectionsExamples\CollectionsExamples.csproj", "{5DF9A690-806F-4040-9F95-5596CF4F4E4F}"
EndProject
Project("{2150E333-8FDC-42A3-9474-1A3956D46DE8}") = "Part II - LINQ", "Part II - LINQ", "{273FEB3C-D700-470E-9E96-D8303996ED7F}"
EndProject
Project("{FAE04EC0-301F-11D3-BF4B-00C04F79EFBC}") = "PartII-Queries", "PartII-Queries\PartII-Queries.csproj", "{56F5B132-D810-46D1-9E40-FAE00B79B529}"
EndProject
Project("{2150E333-8FDC-42A3-9474-1A3956D46DE8}") = "Part III -", "Part III -", "{561EE1E5-67B7-45E6-97CA-531B5A4AC9BF}"
EndProject
Project("{FAE04EC0-301F-11D3-BF4B-00C04F79EFBC}") = "BankSystem", "BankSystemII\BankSystem.csproj", "{06ED55D9-BECB-43C8-8F2D-35B6BBCBFDE0}"
EndProject
Project("{2150E333-8FDC-42A3-9474-1A3956D46DE8}") = "LessonIV", "LessonIV", "{AE471877-4A3F-4A55-9DD5-2C54E28F544D}"
EndProject
Project("{FAE04EC0-301F-11D3-BF4B-00C04F79EFBC}") = "LessonIVPartIFiles", "LessonIVPartIFiles\LessonIVPartIFiles.csproj", "{EDF1E335-C866-4B34-8F9C-F5605B8576A9}"
EndProject
Project("{FAE04EC0-301F-11D3-BF4B-00C04F79EFBC}") = "BankSystem", "LessonIVBankSystem\BankSystem.csproj", "{81DE20F7-9AAC-47C5-9275-33AEC283421A}"
EndProject
Project("{2150E333-8FDC-42A3-9474-1A3956D46DE8}") = "LessonV", "LessonV", "{75847FB8-CDEF-4D3E-AF1B-C215C4FB6F0C}"
EndProject
Project("{2150E333-8FDC-42A3-9474-1A3956D46DE8}") = "LessonVPartI", "LessonVPartI", "{4B007E72-9401-4170-9395-BF0662157C43}"
EndProject
Project("{FAE04EC0-301F-11D3-BF4B-00C04F79EFBC}") = "WeLearnHowToTest", "WeLearnHowToTest\WeLearnHowToTest.csproj", "{CB5AF10F-D7A1-44B2-A6C3-FC714172CFB7}"
EndProject
Project("{2150E333-8FDC-42A3-9474-1A3956D46DE8}") = "Tests", "Tests", "{288C011A-6AEF-49F4-BCB5-15C09E8356BC}"
EndProject
Project("{FAE04EC0-301F-11D3-BF4B-00C04F79EFBC}") = "BankSystem", "LessonV\BankSystem.csproj", "{2D844CAB-CC67-4824-A811-C9E6158C2469}"
EndProject
Project("{2150E333-8FDC-42A3-9474-1A3956D46DE8}") = "LessonVI", "LessonVI", "{10204835-3A67-44B1-824B-5CDCB6507BCF}"
EndProject
Project("{FAE04EC0-301F-11D3-BF4B-00C04F79EFBC}") = "BankManagementLogic", "BankManagementLogic\BankManagementLogic.csproj", "{8A5B1B2A-C3E0-4D4A-8AA5-B747CD09C91C}"
EndProject
Project("{FAE04EC0-301F-11D3-BF4B-00C04F79EFBC}") = "ClientManager", "ClientManager\ClientManager.csproj", "{C2A6EB72-E679-46F9-B72A-4E3A902F77A0}"
EndProject
Project("{2150E333-8FDC-42A3-9474-1A3956D46DE8}") = "LessonVII", "LessonVII", "{8533761B-2D89-4102-9DB1-1C85147F5937}"
EndProject
Project("{FAE04EC0-301F-11D3-BF4B-00C04F79EFBC}") = "LessonVIIGenerics", "LessonVIIGenerics\LessonVIIGenerics.csproj", "{0CE1AC05-F87C-4DF4-B7C9-0988C9BD233A}"
EndProject
Global
	GlobalSection(SharedMSBuildProjectFiles) = preSolution
		UniversalAppsCourse\UniversalAppsCourse.Shared\UniversalAppsCourse.Shared.projitems*{0e490d6f-9296-4da7-95b6-8472515d105b}*SharedItemsImports = 13
		UniversalAppsCourse\UniversalAppsCourse.Shared\UniversalAppsCourse.Shared.projitems*{4fe14b2d-8fa0-43df-8f89-880ecaa41584}*SharedItemsImports = 4
		UniversalAppsCourse\UniversalAppsCourse.Shared\UniversalAppsCourse.Shared.projitems*{60adec75-dbd4-4c55-84ab-d5f23664afa3}*SharedItemsImports = 4
	EndGlobalSection
	GlobalSection(SolutionConfigurationPlatforms) = preSolution
		Debug|Any CPU = Debug|Any CPU
		Debug|ARM = Debug|ARM
		Debug|x64 = Debug|x64
		Debug|x86 = Debug|x86
		Release|Any CPU = Release|Any CPU
		Release|ARM = Release|ARM
		Release|x64 = Release|x64
		Release|x86 = Release|x86
	EndGlobalSection
	GlobalSection(ProjectConfigurationPlatforms) = postSolution
		{4FE14B2D-8FA0-43DF-8F89-880ECAA41584}.Debug|Any CPU.ActiveCfg = Debug|Any CPU
		{4FE14B2D-8FA0-43DF-8F89-880ECAA41584}.Debug|Any CPU.Build.0 = Debug|Any CPU
		{4FE14B2D-8FA0-43DF-8F89-880ECAA41584}.Debug|Any CPU.Deploy.0 = Debug|Any CPU
		{4FE14B2D-8FA0-43DF-8F89-880ECAA41584}.Debug|ARM.ActiveCfg = Debug|ARM
		{4FE14B2D-8FA0-43DF-8F89-880ECAA41584}.Debug|ARM.Build.0 = Debug|ARM
		{4FE14B2D-8FA0-43DF-8F89-880ECAA41584}.Debug|ARM.Deploy.0 = Debug|ARM
		{4FE14B2D-8FA0-43DF-8F89-880ECAA41584}.Debug|x64.ActiveCfg = Debug|x64
		{4FE14B2D-8FA0-43DF-8F89-880ECAA41584}.Debug|x64.Build.0 = Debug|x64
		{4FE14B2D-8FA0-43DF-8F89-880ECAA41584}.Debug|x64.Deploy.0 = Debug|x64
		{4FE14B2D-8FA0-43DF-8F89-880ECAA41584}.Debug|x86.ActiveCfg = Debug|x86
		{4FE14B2D-8FA0-43DF-8F89-880ECAA41584}.Debug|x86.Build.0 = Debug|x86
		{4FE14B2D-8FA0-43DF-8F89-880ECAA41584}.Debug|x86.Deploy.0 = Debug|x86
		{4FE14B2D-8FA0-43DF-8F89-880ECAA41584}.Release|Any CPU.ActiveCfg = Release|Any CPU
		{4FE14B2D-8FA0-43DF-8F89-880ECAA41584}.Release|Any CPU.Build.0 = Release|Any CPU
		{4FE14B2D-8FA0-43DF-8F89-880ECAA41584}.Release|Any CPU.Deploy.0 = Release|Any CPU
		{4FE14B2D-8FA0-43DF-8F89-880ECAA41584}.Release|ARM.ActiveCfg = Release|ARM
		{4FE14B2D-8FA0-43DF-8F89-880ECAA41584}.Release|ARM.Build.0 = Release|ARM
		{4FE14B2D-8FA0-43DF-8F89-880ECAA41584}.Release|ARM.Deploy.0 = Release|ARM
		{4FE14B2D-8FA0-43DF-8F89-880ECAA41584}.Release|x64.ActiveCfg = Release|x64
		{4FE14B2D-8FA0-43DF-8F89-880ECAA41584}.Release|x64.Build.0 = Release|x64
		{4FE14B2D-8FA0-43DF-8F89-880ECAA41584}.Release|x64.Deploy.0 = Release|x64
		{4FE14B2D-8FA0-43DF-8F89-880ECAA41584}.Release|x86.ActiveCfg = Release|x86
		{4FE14B2D-8FA0-43DF-8F89-880ECAA41584}.Release|x86.Build.0 = Release|x86
		{4FE14B2D-8FA0-43DF-8F89-880ECAA41584}.Release|x86.Deploy.0 = Release|x86
		{60ADEC75-DBD4-4C55-84AB-D5F23664AFA3}.Debug|Any CPU.ActiveCfg = Debug|Any CPU
		{60ADEC75-DBD4-4C55-84AB-D5F23664AFA3}.Debug|Any CPU.Build.0 = Debug|Any CPU
		{60ADEC75-DBD4-4C55-84AB-D5F23664AFA3}.Debug|Any CPU.Deploy.0 = Debug|Any CPU
		{60ADEC75-DBD4-4C55-84AB-D5F23664AFA3}.Debug|ARM.ActiveCfg = Debug|ARM
		{60ADEC75-DBD4-4C55-84AB-D5F23664AFA3}.Debug|ARM.Build.0 = Debug|ARM
		{60ADEC75-DBD4-4C55-84AB-D5F23664AFA3}.Debug|ARM.Deploy.0 = Debug|ARM
		{60ADEC75-DBD4-4C55-84AB-D5F23664AFA3}.Debug|x64.ActiveCfg = Debug|Any CPU
		{60ADEC75-DBD4-4C55-84AB-D5F23664AFA3}.Debug|x86.ActiveCfg = Debug|x86
		{60ADEC75-DBD4-4C55-84AB-D5F23664AFA3}.Debug|x86.Build.0 = Debug|x86
		{60ADEC75-DBD4-4C55-84AB-D5F23664AFA3}.Debug|x86.Deploy.0 = Debug|x86
		{60ADEC75-DBD4-4C55-84AB-D5F23664AFA3}.Release|Any CPU.ActiveCfg = Release|Any CPU
		{60ADEC75-DBD4-4C55-84AB-D5F23664AFA3}.Release|Any CPU.Build.0 = Release|Any CPU
		{60ADEC75-DBD4-4C55-84AB-D5F23664AFA3}.Release|Any CPU.Deploy.0 = Release|Any CPU
		{60ADEC75-DBD4-4C55-84AB-D5F23664AFA3}.Release|ARM.ActiveCfg = Release|ARM
		{60ADEC75-DBD4-4C55-84AB-D5F23664AFA3}.Release|ARM.Build.0 = Release|ARM
		{60ADEC75-DBD4-4C55-84AB-D5F23664AFA3}.Release|ARM.Deploy.0 = Release|ARM
		{60ADEC75-DBD4-4C55-84AB-D5F23664AFA3}.Release|x64.ActiveCfg = Release|Any CPU
		{60ADEC75-DBD4-4C55-84AB-D5F23664AFA3}.Release|x86.ActiveCfg = Release|x86
		{60ADEC75-DBD4-4C55-84AB-D5F23664AFA3}.Release|x86.Build.0 = Release|x86
		{60ADEC75-DBD4-4C55-84AB-D5F23664AFA3}.Release|x86.Deploy.0 = Release|x86
		{8FE7B874-E00C-4DCA-8850-EE441BF938E8}.Debug|Any CPU.ActiveCfg = Debug|Any CPU
		{8FE7B874-E00C-4DCA-8850-EE441BF938E8}.Debug|Any CPU.Build.0 = Debug|Any CPU
		{8FE7B874-E00C-4DCA-8850-EE441BF938E8}.Debug|ARM.ActiveCfg = Debug|Any CPU
		{8FE7B874-E00C-4DCA-8850-EE441BF938E8}.Debug|x64.ActiveCfg = Debug|Any CPU
		{8FE7B874-E00C-4DCA-8850-EE441BF938E8}.Debug|x86.ActiveCfg = Debug|Any CPU
		{8FE7B874-E00C-4DCA-8850-EE441BF938E8}.Release|Any CPU.ActiveCfg = Release|Any CPU
		{8FE7B874-E00C-4DCA-8850-EE441BF938E8}.Release|Any CPU.Build.0 = Release|Any CPU
		{8FE7B874-E00C-4DCA-8850-EE441BF938E8}.Release|ARM.ActiveCfg = Release|Any CPU
		{8FE7B874-E00C-4DCA-8850-EE441BF938E8}.Release|x64.ActiveCfg = Release|Any CPU
		{8FE7B874-E00C-4DCA-8850-EE441BF938E8}.Release|x86.ActiveCfg = Release|Any CPU
		{7BE6FA9B-DCDD-4DEB-BC3A-A719E9A86BF3}.Debug|Any CPU.ActiveCfg = Debug|Any CPU
		{7BE6FA9B-DCDD-4DEB-BC3A-A719E9A86BF3}.Debug|Any CPU.Build.0 = Debug|Any CPU
		{7BE6FA9B-DCDD-4DEB-BC3A-A719E9A86BF3}.Debug|ARM.ActiveCfg = Debug|Any CPU
		{7BE6FA9B-DCDD-4DEB-BC3A-A719E9A86BF3}.Debug|x64.ActiveCfg = Debug|Any CPU
		{7BE6FA9B-DCDD-4DEB-BC3A-A719E9A86BF3}.Debug|x86.ActiveCfg = Debug|Any CPU
		{7BE6FA9B-DCDD-4DEB-BC3A-A719E9A86BF3}.Release|Any CPU.ActiveCfg = Release|Any CPU
		{7BE6FA9B-DCDD-4DEB-BC3A-A719E9A86BF3}.Release|Any CPU.Build.0 = Release|Any CPU
		{7BE6FA9B-DCDD-4DEB-BC3A-A719E9A86BF3}.Release|ARM.ActiveCfg = Release|Any CPU
		{7BE6FA9B-DCDD-4DEB-BC3A-A719E9A86BF3}.Release|x64.ActiveCfg = Release|Any CPU
		{7BE6FA9B-DCDD-4DEB-BC3A-A719E9A86BF3}.Release|x86.ActiveCfg = Release|Any CPU
		{9561ADEF-353A-46E2-8C92-91BB5093EF6A}.Debug|Any CPU.ActiveCfg = Debug|Any CPU
		{9561ADEF-353A-46E2-8C92-91BB5093EF6A}.Debug|Any CPU.Build.0 = Debug|Any CPU
		{9561ADEF-353A-46E2-8C92-91BB5093EF6A}.Debug|ARM.ActiveCfg = Debug|Any CPU
		{9561ADEF-353A-46E2-8C92-91BB5093EF6A}.Debug|x64.ActiveCfg = Debug|Any CPU
		{9561ADEF-353A-46E2-8C92-91BB5093EF6A}.Debug|x86.ActiveCfg = Debug|Any CPU
		{9561ADEF-353A-46E2-8C92-91BB5093EF6A}.Release|Any CPU.ActiveCfg = Release|Any CPU
		{9561ADEF-353A-46E2-8C92-91BB5093EF6A}.Release|Any CPU.Build.0 = Release|Any CPU
		{9561ADEF-353A-46E2-8C92-91BB5093EF6A}.Release|ARM.ActiveCfg = Release|Any CPU
		{9561ADEF-353A-46E2-8C92-91BB5093EF6A}.Release|x64.ActiveCfg = Release|Any CPU
		{9561ADEF-353A-46E2-8C92-91BB5093EF6A}.Release|x86.ActiveCfg = Release|Any CPU
		{F30158BE-B022-4864-A796-881683DBED45}.Debug|Any CPU.ActiveCfg = Debug|Any CPU
		{F30158BE-B022-4864-A796-881683DBED45}.Debug|Any CPU.Build.0 = Debug|Any CPU
		{F30158BE-B022-4864-A796-881683DBED45}.Debug|ARM.ActiveCfg = Debug|Any CPU
		{F30158BE-B022-4864-A796-881683DBED45}.Debug|x64.ActiveCfg = Debug|Any CPU
		{F30158BE-B022-4864-A796-881683DBED45}.Debug|x86.ActiveCfg = Debug|Any CPU
		{F30158BE-B022-4864-A796-881683DBED45}.Release|Any CPU.ActiveCfg = Release|Any CPU
		{F30158BE-B022-4864-A796-881683DBED45}.Release|Any CPU.Build.0 = Release|Any CPU
		{F30158BE-B022-4864-A796-881683DBED45}.Release|ARM.ActiveCfg = Release|Any CPU
		{F30158BE-B022-4864-A796-881683DBED45}.Release|x64.ActiveCfg = Release|Any CPU
		{F30158BE-B022-4864-A796-881683DBED45}.Release|x86.ActiveCfg = Release|Any CPU
		{2CD40919-B128-4AD3-BFD0-BC342929857A}.Debug|Any CPU.ActiveCfg = Debug|Any CPU
		{2CD40919-B128-4AD3-BFD0-BC342929857A}.Debug|Any CPU.Build.0 = Debug|Any CPU
		{2CD40919-B128-4AD3-BFD0-BC342929857A}.Debug|ARM.ActiveCfg = Debug|Any CPU
		{2CD40919-B128-4AD3-BFD0-BC342929857A}.Debug|x64.ActiveCfg = Debug|Any CPU
		{2CD40919-B128-4AD3-BFD0-BC342929857A}.Debug|x86.ActiveCfg = Debug|Any CPU
		{2CD40919-B128-4AD3-BFD0-BC342929857A}.Release|Any CPU.ActiveCfg = Release|Any CPU
		{2CD40919-B128-4AD3-BFD0-BC342929857A}.Release|Any CPU.Build.0 = Release|Any CPU
		{2CD40919-B128-4AD3-BFD0-BC342929857A}.Release|ARM.ActiveCfg = Release|Any CPU
		{2CD40919-B128-4AD3-BFD0-BC342929857A}.Release|x64.ActiveCfg = Release|Any CPU
		{2CD40919-B128-4AD3-BFD0-BC342929857A}.Release|x86.ActiveCfg = Release|Any CPU
		{38FF9788-0D02-4BE1-87BF-2B8E3027195C}.Debug|Any CPU.ActiveCfg = Debug|Any CPU
		{38FF9788-0D02-4BE1-87BF-2B8E3027195C}.Debug|Any CPU.Build.0 = Debug|Any CPU
		{38FF9788-0D02-4BE1-87BF-2B8E3027195C}.Debug|ARM.ActiveCfg = Debug|Any CPU
		{38FF9788-0D02-4BE1-87BF-2B8E3027195C}.Debug|x64.ActiveCfg = Debug|Any CPU
		{38FF9788-0D02-4BE1-87BF-2B8E3027195C}.Debug|x86.ActiveCfg = Debug|Any CPU
		{38FF9788-0D02-4BE1-87BF-2B8E3027195C}.Release|Any CPU.ActiveCfg = Release|Any CPU
		{38FF9788-0D02-4BE1-87BF-2B8E3027195C}.Release|Any CPU.Build.0 = Release|Any CPU
		{38FF9788-0D02-4BE1-87BF-2B8E3027195C}.Release|ARM.ActiveCfg = Release|Any CPU
		{38FF9788-0D02-4BE1-87BF-2B8E3027195C}.Release|x64.ActiveCfg = Release|Any CPU
		{38FF9788-0D02-4BE1-87BF-2B8E3027195C}.Release|x86.ActiveCfg = Release|Any CPU
		{5DF9A690-806F-4040-9F95-5596CF4F4E4F}.Debug|Any CPU.ActiveCfg = Debug|Any CPU
		{5DF9A690-806F-4040-9F95-5596CF4F4E4F}.Debug|Any CPU.Build.0 = Debug|Any CPU
		{5DF9A690-806F-4040-9F95-5596CF4F4E4F}.Debug|ARM.ActiveCfg = Debug|Any CPU
		{5DF9A690-806F-4040-9F95-5596CF4F4E4F}.Debug|x64.ActiveCfg = Debug|Any CPU
		{5DF9A690-806F-4040-9F95-5596CF4F4E4F}.Debug|x86.ActiveCfg = Debug|Any CPU
		{5DF9A690-806F-4040-9F95-5596CF4F4E4F}.Release|Any CPU.ActiveCfg = Release|Any CPU
		{5DF9A690-806F-4040-9F95-5596CF4F4E4F}.Release|Any CPU.Build.0 = Release|Any CPU
		{5DF9A690-806F-4040-9F95-5596CF4F4E4F}.Release|ARM.ActiveCfg = Release|Any CPU
		{5DF9A690-806F-4040-9F95-5596CF4F4E4F}.Release|x64.ActiveCfg = Release|Any CPU
		{5DF9A690-806F-4040-9F95-5596CF4F4E4F}.Release|x86.ActiveCfg = Release|Any CPU
		{56F5B132-D810-46D1-9E40-FAE00B79B529}.Debug|Any CPU.ActiveCfg = Debug|Any CPU
		{56F5B132-D810-46D1-9E40-FAE00B79B529}.Debug|Any CPU.Build.0 = Debug|Any CPU
		{56F5B132-D810-46D1-9E40-FAE00B79B529}.Debug|ARM.ActiveCfg = Debug|Any CPU
		{56F5B132-D810-46D1-9E40-FAE00B79B529}.Debug|x64.ActiveCfg = Debug|Any CPU
		{56F5B132-D810-46D1-9E40-FAE00B79B529}.Debug|x86.ActiveCfg = Debug|Any CPU
		{56F5B132-D810-46D1-9E40-FAE00B79B529}.Release|Any CPU.ActiveCfg = Release|Any CPU
		{56F5B132-D810-46D1-9E40-FAE00B79B529}.Release|Any CPU.Build.0 = Release|Any CPU
		{56F5B132-D810-46D1-9E40-FAE00B79B529}.Release|ARM.ActiveCfg = Release|Any CPU
		{56F5B132-D810-46D1-9E40-FAE00B79B529}.Release|x64.ActiveCfg = Release|Any CPU
		{56F5B132-D810-46D1-9E40-FAE00B79B529}.Release|x86.ActiveCfg = Release|Any CPU
		{06ED55D9-BECB-43C8-8F2D-35B6BBCBFDE0}.Debug|Any CPU.ActiveCfg = Debug|Any CPU
		{06ED55D9-BECB-43C8-8F2D-35B6BBCBFDE0}.Debug|Any CPU.Build.0 = Debug|Any CPU
		{06ED55D9-BECB-43C8-8F2D-35B6BBCBFDE0}.Debug|ARM.ActiveCfg = Debug|Any CPU
		{06ED55D9-BECB-43C8-8F2D-35B6BBCBFDE0}.Debug|x64.ActiveCfg = Debug|Any CPU
		{06ED55D9-BECB-43C8-8F2D-35B6BBCBFDE0}.Debug|x86.ActiveCfg = Debug|Any CPU
		{06ED55D9-BECB-43C8-8F2D-35B6BBCBFDE0}.Release|Any CPU.ActiveCfg = Release|Any CPU
		{06ED55D9-BECB-43C8-8F2D-35B6BBCBFDE0}.Release|Any CPU.Build.0 = Release|Any CPU
		{06ED55D9-BECB-43C8-8F2D-35B6BBCBFDE0}.Release|ARM.ActiveCfg = Release|Any CPU
		{06ED55D9-BECB-43C8-8F2D-35B6BBCBFDE0}.Release|x64.ActiveCfg = Release|Any CPU
		{06ED55D9-BECB-43C8-8F2D-35B6BBCBFDE0}.Release|x86.ActiveCfg = Release|Any CPU
		{EDF1E335-C866-4B34-8F9C-F5605B8576A9}.Debug|Any CPU.ActiveCfg = Debug|Any CPU
		{EDF1E335-C866-4B34-8F9C-F5605B8576A9}.Debug|Any CPU.Build.0 = Debug|Any CPU
		{EDF1E335-C866-4B34-8F9C-F5605B8576A9}.Debug|ARM.ActiveCfg = Debug|Any CPU
		{EDF1E335-C866-4B34-8F9C-F5605B8576A9}.Debug|x64.ActiveCfg = Debug|Any CPU
		{EDF1E335-C866-4B34-8F9C-F5605B8576A9}.Debug|x86.ActiveCfg = Debug|Any CPU
		{EDF1E335-C866-4B34-8F9C-F5605B8576A9}.Release|Any CPU.ActiveCfg = Release|Any CPU
		{EDF1E335-C866-4B34-8F9C-F5605B8576A9}.Release|Any CPU.Build.0 = Release|Any CPU
		{EDF1E335-C866-4B34-8F9C-F5605B8576A9}.Release|ARM.ActiveCfg = Release|Any CPU
		{EDF1E335-C866-4B34-8F9C-F5605B8576A9}.Release|x64.ActiveCfg = Release|Any CPU
		{EDF1E335-C866-4B34-8F9C-F5605B8576A9}.Release|x86.ActiveCfg = Release|Any CPU
		{81DE20F7-9AAC-47C5-9275-33AEC283421A}.Debug|Any CPU.ActiveCfg = Debug|Any CPU
		{81DE20F7-9AAC-47C5-9275-33AEC283421A}.Debug|Any CPU.Build.0 = Debug|Any CPU
		{81DE20F7-9AAC-47C5-9275-33AEC283421A}.Debug|ARM.ActiveCfg = Debug|Any CPU
		{81DE20F7-9AAC-47C5-9275-33AEC283421A}.Debug|x64.ActiveCfg = Debug|Any CPU
		{81DE20F7-9AAC-47C5-9275-33AEC283421A}.Debug|x86.ActiveCfg = Debug|Any CPU
		{81DE20F7-9AAC-47C5-9275-33AEC283421A}.Release|Any CPU.ActiveCfg = Release|Any CPU
		{81DE20F7-9AAC-47C5-9275-33AEC283421A}.Release|Any CPU.Build.0 = Release|Any CPU
		{81DE20F7-9AAC-47C5-9275-33AEC283421A}.Release|ARM.ActiveCfg = Release|Any CPU
		{81DE20F7-9AAC-47C5-9275-33AEC283421A}.Release|x64.ActiveCfg = Release|Any CPU
		{81DE20F7-9AAC-47C5-9275-33AEC283421A}.Release|x86.ActiveCfg = Release|Any CPU
		{CB5AF10F-D7A1-44B2-A6C3-FC714172CFB7}.Debug|Any CPU.ActiveCfg = Debug|Any CPU
		{CB5AF10F-D7A1-44B2-A6C3-FC714172CFB7}.Debug|Any CPU.Build.0 = Debug|Any CPU
		{CB5AF10F-D7A1-44B2-A6C3-FC714172CFB7}.Debug|ARM.ActiveCfg = Debug|Any CPU
		{CB5AF10F-D7A1-44B2-A6C3-FC714172CFB7}.Debug|x64.ActiveCfg = Debug|Any CPU
		{CB5AF10F-D7A1-44B2-A6C3-FC714172CFB7}.Debug|x86.ActiveCfg = Debug|Any CPU
		{CB5AF10F-D7A1-44B2-A6C3-FC714172CFB7}.Release|Any CPU.ActiveCfg = Release|Any CPU
		{CB5AF10F-D7A1-44B2-A6C3-FC714172CFB7}.Release|Any CPU.Build.0 = Release|Any CPU
		{CB5AF10F-D7A1-44B2-A6C3-FC714172CFB7}.Release|ARM.ActiveCfg = Release|Any CPU
		{CB5AF10F-D7A1-44B2-A6C3-FC714172CFB7}.Release|x64.ActiveCfg = Release|Any CPU
		{CB5AF10F-D7A1-44B2-A6C3-FC714172CFB7}.Release|x86.ActiveCfg = Release|Any CPU
		{2D844CAB-CC67-4824-A811-C9E6158C2469}.Debug|Any CPU.ActiveCfg = Debug|Any CPU
		{2D844CAB-CC67-4824-A811-C9E6158C2469}.Debug|Any CPU.Build.0 = Debug|Any CPU
		{2D844CAB-CC67-4824-A811-C9E6158C2469}.Debug|ARM.ActiveCfg = Debug|Any CPU
		{2D844CAB-CC67-4824-A811-C9E6158C2469}.Debug|x64.ActiveCfg = Debug|Any CPU
		{2D844CAB-CC67-4824-A811-C9E6158C2469}.Debug|x86.ActiveCfg = Debug|Any CPU
		{2D844CAB-CC67-4824-A811-C9E6158C2469}.Release|Any CPU.ActiveCfg = Release|Any CPU
		{2D844CAB-CC67-4824-A811-C9E6158C2469}.Release|Any CPU.Build.0 = Release|Any CPU
		{2D844CAB-CC67-4824-A811-C9E6158C2469}.Release|ARM.ActiveCfg = Release|Any CPU
		{2D844CAB-CC67-4824-A811-C9E6158C2469}.Release|x64.ActiveCfg = Release|Any CPU
		{2D844CAB-CC67-4824-A811-C9E6158C2469}.Release|x86.ActiveCfg = Release|Any CPU
		{8A5B1B2A-C3E0-4D4A-8AA5-B747CD09C91C}.Debug|Any CPU.ActiveCfg = Debug|Any CPU
		{8A5B1B2A-C3E0-4D4A-8AA5-B747CD09C91C}.Debug|Any CPU.Build.0 = Debug|Any CPU
		{8A5B1B2A-C3E0-4D4A-8AA5-B747CD09C91C}.Debug|ARM.ActiveCfg = Debug|Any CPU
		{8A5B1B2A-C3E0-4D4A-8AA5-B747CD09C91C}.Debug|x64.ActiveCfg = Debug|Any CPU
		{8A5B1B2A-C3E0-4D4A-8AA5-B747CD09C91C}.Debug|x86.ActiveCfg = Debug|Any CPU
		{8A5B1B2A-C3E0-4D4A-8AA5-B747CD09C91C}.Release|Any CPU.ActiveCfg = Release|Any CPU
		{8A5B1B2A-C3E0-4D4A-8AA5-B747CD09C91C}.Release|Any CPU.Build.0 = Release|Any CPU
		{8A5B1B2A-C3E0-4D4A-8AA5-B747CD09C91C}.Release|ARM.ActiveCfg = Release|Any CPU
		{8A5B1B2A-C3E0-4D4A-8AA5-B747CD09C91C}.Release|x64.ActiveCfg = Release|Any CPU
		{8A5B1B2A-C3E0-4D4A-8AA5-B747CD09C91C}.Release|x86.ActiveCfg = Release|Any CPU
		{C2A6EB72-E679-46F9-B72A-4E3A902F77A0}.Debug|Any CPU.ActiveCfg = Debug|Any CPU
		{C2A6EB72-E679-46F9-B72A-4E3A902F77A0}.Debug|Any CPU.Build.0 = Debug|Any CPU
		{C2A6EB72-E679-46F9-B72A-4E3A902F77A0}.Debug|ARM.ActiveCfg = Debug|Any CPU
		{C2A6EB72-E679-46F9-B72A-4E3A902F77A0}.Debug|x64.ActiveCfg = Debug|Any CPU
		{C2A6EB72-E679-46F9-B72A-4E3A902F77A0}.Debug|x86.ActiveCfg = Debug|Any CPU
		{C2A6EB72-E679-46F9-B72A-4E3A902F77A0}.Release|Any CPU.ActiveCfg = Release|Any CPU
		{C2A6EB72-E679-46F9-B72A-4E3A902F77A0}.Release|Any CPU.Build.0 = Release|Any CPU
		{C2A6EB72-E679-46F9-B72A-4E3A902F77A0}.Release|ARM.ActiveCfg = Release|Any CPU
		{C2A6EB72-E679-46F9-B72A-4E3A902F77A0}.Release|x64.ActiveCfg = Release|Any CPU
		{C2A6EB72-E679-46F9-B72A-4E3A902F77A0}.Release|x86.ActiveCfg = Release|Any CPU
		{0CE1AC05-F87C-4DF4-B7C9-0988C9BD233A}.Debug|Any CPU.ActiveCfg = Debug|Any CPU
		{0CE1AC05-F87C-4DF4-B7C9-0988C9BD233A}.Debug|Any CPU.Build.0 = Debug|Any CPU
		{0CE1AC05-F87C-4DF4-B7C9-0988C9BD233A}.Debug|ARM.ActiveCfg = Debug|Any CPU
		{0CE1AC05-F87C-4DF4-B7C9-0988C9BD233A}.Debug|x64.ActiveCfg = Debug|Any CPU
		{0CE1AC05-F87C-4DF4-B7C9-0988C9BD233A}.Debug|x86.ActiveCfg = Debug|Any CPU
		{0CE1AC05-F87C-4DF4-B7C9-0988C9BD233A}.Release|Any CPU.ActiveCfg = Release|Any CPU
		{0CE1AC05-F87C-4DF4-B7C9-0988C9BD233A}.Release|Any CPU.Build.0 = Release|Any CPU
		{0CE1AC05-F87C-4DF4-B7C9-0988C9BD233A}.Release|ARM.ActiveCfg = Release|Any CPU
		{0CE1AC05-F87C-4DF4-B7C9-0988C9BD233A}.Release|x64.ActiveCfg = Release|Any CPU
		{0CE1AC05-F87C-4DF4-B7C9-0988C9BD233A}.Release|x86.ActiveCfg = Release|Any CPU
	EndGlobalSection
	GlobalSection(SolutionProperties) = preSolution
		HideSolutionNode = FALSE
	EndGlobalSection
	GlobalSection(NestedProjects) = preSolution
		{0E490D6F-9296-4DA7-95B6-8472515D105B} = {11B4F70A-159E-40CE-9A44-411D033C4ABA}
		{4FE14B2D-8FA0-43DF-8F89-880ECAA41584} = {11B4F70A-159E-40CE-9A44-411D033C4ABA}
		{60ADEC75-DBD4-4C55-84AB-D5F23664AFA3} = {11B4F70A-159E-40CE-9A44-411D033C4ABA}
		{6CD67F95-B324-42C4-983C-BC5564956E5B} = {D4E182F8-2AC5-4187-AA02-4CEEAFCA650A}
		{8FE7B874-E00C-4DCA-8850-EE441BF938E8} = {6CD67F95-B324-42C4-983C-BC5564956E5B}
		{8451C9E2-13F9-497D-BE88-D94FF6B0C551} = {D4E182F8-2AC5-4187-AA02-4CEEAFCA650A}
		{7BE6FA9B-DCDD-4DEB-BC3A-A719E9A86BF3} = {8451C9E2-13F9-497D-BE88-D94FF6B0C551}
		{2B904D8A-90CC-4F10-B4D8-66F3E2E4479A} = {D4E182F8-2AC5-4187-AA02-4CEEAFCA650A}
		{9561ADEF-353A-46E2-8C92-91BB5093EF6A} = {2B904D8A-90CC-4F10-B4D8-66F3E2E4479A}
		{87EAA0A8-94AF-42A6-B878-5E76CD3C2189} = {97D96DD9-B711-458F-8D3F-41A431D9706A}
		{F30158BE-B022-4864-A796-881683DBED45} = {87EAA0A8-94AF-42A6-B878-5E76CD3C2189}
		{5AFDD982-9FBE-48B3-8339-84D37F577621} = {97D96DD9-B711-458F-8D3F-41A431D9706A}
		{2CD40919-B128-4AD3-BFD0-BC342929857A} = {5AFDD982-9FBE-48B3-8339-84D37F577621}
		{AF2FF5C9-DE73-463E-BA14-379970984DC0} = {97D96DD9-B711-458F-8D3F-41A431D9706A}
		{38FF9788-0D02-4BE1-87BF-2B8E3027195C} = {AF2FF5C9-DE73-463E-BA14-379970984DC0}
		{CA0606FD-D49E-4614-BB88-FF5A7EAFFC30} = {1F12B0E6-2F17-4C85-BF38-0A75A8A5CC1A}
		{5DF9A690-806F-4040-9F95-5596CF4F4E4F} = {CA0606FD-D49E-4614-BB88-FF5A7EAFFC30}
		{273FEB3C-D700-470E-9E96-D8303996ED7F} = {1F12B0E6-2F17-4C85-BF38-0A75A8A5CC1A}
		{56F5B132-D810-46D1-9E40-FAE00B79B529} = {273FEB3C-D700-470E-9E96-D8303996ED7F}
		{561EE1E5-67B7-45E6-97CA-531B5A4AC9BF} = {1F12B0E6-2F17-4C85-BF38-0A75A8A5CC1A}
		{06ED55D9-BECB-43C8-8F2D-35B6BBCBFDE0} = {561EE1E5-67B7-45E6-97CA-531B5A4AC9BF}
		{EDF1E335-C866-4B34-8F9C-F5605B8576A9} = {AE471877-4A3F-4A55-9DD5-2C54E28F544D}
		{81DE20F7-9AAC-47C5-9275-33AEC283421A} = {AE471877-4A3F-4A55-9DD5-2C54E28F544D}
		{4B007E72-9401-4170-9395-BF0662157C43} = {75847FB8-CDEF-4D3E-AF1B-C215C4FB6F0C}
		{CB5AF10F-D7A1-44B2-A6C3-FC714172CFB7} = {4B007E72-9401-4170-9395-BF0662157C43}
		{288C011A-6AEF-49F4-BCB5-15C09E8356BC} = {75847FB8-CDEF-4D3E-AF1B-C215C4FB6F0C}
		{2D844CAB-CC67-4824-A811-C9E6158C2469} = {288C011A-6AEF-49F4-BCB5-15C09E8356BC}
		{8A5B1B2A-C3E0-4D4A-8AA5-B747CD09C91C} = {10204835-3A67-44B1-824B-5CDCB6507BCF}
		{C2A6EB72-E679-46F9-B72A-4E3A902F77A0} = {10204835-3A67-44B1-824B-5CDCB6507BCF}
		{0CE1AC05-F87C-4DF4-B7C9-0988C9BD233A} = {8533761B-2D89-4102-9DB1-1C85147F5937}
	EndGlobalSection
EndGlobal
